
Microsoft Visual Studio Solution File, Format Version 12.00
# Visual Studio Version 16
VisualStudioVersion = 16.0.30011.22
MinimumVisualStudioVersion = 10.0.40219.1
Project("{2150E333-8FDC-42A3-9474-1A3956D46DE8}") = "Solution Items", "Solution Items", "{0B4337BB-00E4-4CDB-93DF-4102E5CAB48E}"
EndProject
Project("{8BC9CEB8-8B4A-11D0-8D11-00A0C91BC942}") = "x.dist.beta", "vcxproj\x.dist.beta.vcxproj", "{29922C42-E35B-4C86-9E58-F05FAA51DEAE}"
EndProject
Project("{8BC9CEB8-8B4A-11D0-8D11-00A0C91BC942}") = "x.dist.gamma", "vcxproj\x.dist.gamma.vcxproj", "{D7D2B050-0FAC-4326-89AD-C82254541416}"
EndProject
Project("{8BC9CEB8-8B4A-11D0-8D11-00A0C91BC942}") = "x.dist.normal", "vcxproj\x.dist.normal.vcxproj", "{E28D5463-98A0-4A8C-9A0A-8D7B9AA83A4F}"
EndProject
Project("{8BC9CEB8-8B4A-11D0-8D11-00A0C91BC942}") = "x.dist.poisson", "vcxproj\x.dist.poisson.vcxproj", "{47BA4BA1-83B7-41DA-BD1E-D0BF601FCC33}"
EndProject
Project("{8BC9CEB8-8B4A-11D0-8D11-00A0C91BC942}") = "x.dist.uniform_real", "vcxproj\x.dist.uniform_real.vcxproj", "{3446E811-0AFE-4D52-917D-52C2BCF37400}"
EndProject
Project("{8BC9CEB8-8B4A-11D0-8D11-00A0C91BC942}") = "x.generator.mt19937_64", "vcxproj\x.generator.mt19937_64.vcxproj", "{99C4CDAB-8753-49E8-AF9B-F73B82233496}"
EndProject
Project("{8BC9CEB8-8B4A-11D0-8D11-00A0C91BC942}") = "x.generator.pcg32", "vcxproj\x.generator.pcg32.vcxproj", "{B97F0879-549D-4E59-B7A9-B675535B3B38}"
EndProject
Project("{8BC9CEB8-8B4A-11D0-8D11-00A0C91BC942}") = "x.generator.pcg64", "vcxproj\x.generator.pcg64.vcxproj", "{7956B22C-E6FD-4777-9770-1C1E3D2BE449}"
EndProject
Project("{8BC9CEB8-8B4A-11D0-8D11-00A0C91BC942}") = "x.random_device", "vcxproj\x.random_device.vcxproj", "{F28D1B38-B78D-402E-84C3-DF23B8235F6D}"
EndProject
Project("{8BC9CEB8-8B4A-11D0-8D11-00A0C91BC942}") = "x.seed_seq_from", "vcxproj\x.seed_seq_from.vcxproj", "{30ABEEB4-34EC-49AB-ADDE-0053F921387A}"
EndProject
Project("{8BC9CEB8-8B4A-11D0-8D11-00A0C91BC942}") = "x.global", "vcxproj\x.global.vcxproj", "{49B73B8A-AC99-4B00-87AC-6A81F27EA8ED}"
EndProject
Project("{8BC9CEB8-8B4A-11D0-8D11-00A0C91BC942}") = "x.generator.minstd_rand0", "vcxproj\x.generator.minstd_rand0.vcxproj", "{2E1352E3-E183-496D-A2CD-EBC1C903C0C2}"
EndProject
Project("{8BC9CEB8-8B4A-11D0-8D11-00A0C91BC942}") = "x.generator.minstd_rand", "vcxproj\x.generator.minstd_rand.vcxproj", "{DC514C1F-6D79-41CB-A34A-2F1D4E02B231}"
EndProject
Project("{8BC9CEB8-8B4A-11D0-8D11-00A0C91BC942}") = "x.generator.mt19937", "vcxproj\x.generator.mt19937.vcxproj", "{77B89635-B6AE-4672-838D-9D4A937C40ED}"
EndProject
Project("{8BC9CEB8-8B4A-11D0-8D11-00A0C91BC942}") = "x.generator.ranlux24", "vcxproj\x.generator.ranlux24.vcxproj", "{3067E75E-4253-4A7B-8A8C-D52130E8255D}"
EndProject
Project("{8BC9CEB8-8B4A-11D0-8D11-00A0C91BC942}") = "x.generator.ranlux48", "vcxproj\x.generator.ranlux48.vcxproj", "{87C06CE6-C13E-4ACB-BCAF-E8838B0E6C35}"
EndProject
Project("{8BC9CEB8-8B4A-11D0-8D11-00A0C91BC942}") = "x.generator.knuth_b", "vcxproj\x.generator.knuth_b.vcxproj", "{583F5D62-3C1D-4CA1-B8DE-B7F58F999649}"
EndProject
Project("{8BC9CEB8-8B4A-11D0-8D11-00A0C91BC942}") = "x.dist.uniform_int", "vcxproj\x.dist.uniform_int.vcxproj", "{98A417F0-C1C2-44B3-88CE-6AA7A58B0EC7}"
EndProject
Project("{8BC9CEB8-8B4A-11D0-8D11-00A0C91BC942}") = "x.dist.bernoulli", "vcxproj\x.dist.bernoulli.vcxproj", "{229D56D7-34BF-45FD-BFC3-D46855E22DDD}"
EndProject
Project("{8BC9CEB8-8B4A-11D0-8D11-00A0C91BC942}") = "x.dist.binomial", "vcxproj\x.dist.binomial.vcxproj", "{C6CD8D30-0427-4FA4-AB3B-0CECDAB9E72A}"
EndProject
Project("{8BC9CEB8-8B4A-11D0-8D11-00A0C91BC942}") = "x.dist.geometric", "vcxproj\x.dist.geometric.vcxproj", "{F2644673-D3B2-4612-8392-E9EF642FE5B0}"
EndProject
Project("{8BC9CEB8-8B4A-11D0-8D11-00A0C91BC942}") = "x.dist.negative_binomial", "vcxproj\x.dist.negative_binomial.vcxproj", "{ABA4B5A9-CE9A-4632-9B0F-03ABDB8E91A7}"
EndProject
Project("{8BC9CEB8-8B4A-11D0-8D11-00A0C91BC942}") = "x.dist.multinomial", "vcxproj\x.dist.multinomial.vcxproj", "{754EA916-D957-4BC2-8480-351A8622A5E7}"
EndProject
Project("{8BC9CEB8-8B4A-11D0-8D11-00A0C91BC942}") = "x.dist.hypergeometric", "vcxproj\x.dist.hypergeometric.vcxproj", "{25BAAF5B-529E-4198-BF6F-01C2BEE59218}"
EndProject
Project("{8BC9CEB8-8B4A-11D0-8D11-00A0C91BC942}") = "x.dist.multivariate_hypergeometric", "vcxproj\x.dist.multivariate_hypergeometric.vcxproj", "{45AB7C5C-7729-44F1-9637-3F65311115BD}"
EndProject
Project("{8BC9CEB8-8B4A-11D0-8D11-00A0C91BC942}") = "x.dist.exponential", "vcxproj\x.dist.exponential.vcxproj", "{B8B802EA-C49C-4B24-A953-26AF63AF1C19}"
EndProject
Project("{8BC9CEB8-8B4A-11D0-8D11-00A0C91BC942}") = "x.dist.weibull", "vcxproj\x.dist.weibull.vcxproj", "{2D4191DC-8099-4770-A329-9AA051AB4142}"
EndProject
Project("{8BC9CEB8-8B4A-11D0-8D11-00A0C91BC942}") = "x.dist.extreme_value", "vcxproj\x.dist.extreme_value.vcxproj", "{EFB7F91C-A982-401B-9FA3-EC72DA452F96}"
EndProject
Project("{8BC9CEB8-8B4A-11D0-8D11-00A0C91BC942}") = "x.dist.dirichlet", "vcxproj\x.dist.dirichlet.vcxproj", "{7C9E9729-EBFE-43A4-BC74-67B50E1AA64B}"
EndProject
Project("{8BC9CEB8-8B4A-11D0-8D11-00A0C91BC942}") = "x.dist.kumaraswamy", "vcxproj\x.dist.kumaraswamy.vcxproj", "{BE54E44F-3E04-466D-B4BE-48C7F24426FA}"
EndProject
Project("{8BC9CEB8-8B4A-11D0-8D11-00A0C91BC942}") = "x.dist.laplace", "vcxproj\x.dist.laplace.vcxproj", "{EE67E584-101C-4CB1-B42C-10B24A1ECF0D}"
EndProject
Project("{8BC9CEB8-8B4A-11D0-8D11-00A0C91BC942}") = "x.dist.erlang", "vcxproj\x.dist.erlang.vcxproj", "{2AA1F7EF-0FF1-4ED2-97C0-EA4653249902}"
EndProject
Project("{8BC9CEB8-8B4A-11D0-8D11-00A0C91BC942}") = "x.dist.lognormal", "vcxproj\x.dist.lognormal.vcxproj", "{836D340C-6626-4841-9926-2BB52082753A}"
EndProject
Project("{8BC9CEB8-8B4A-11D0-8D11-00A0C91BC942}") = "x.dist.chi_squared", "vcxproj\x.dist.chi_squared.vcxproj", "{0A3E8498-C75E-4D5E-9481-905E67218A8E}"
EndProject
Project("{8BC9CEB8-8B4A-11D0-8D11-00A0C91BC942}") = "x.dist.cauchy", "vcxproj\x.dist.cauchy.vcxproj", "{337EE21C-F8FC-4FFD-8CC9-D5C917E3DA36}"
EndProject
Project("{8BC9CEB8-8B4A-11D0-8D11-00A0C91BC942}") = "x.dist.fisher_f", "vcxproj\x.dist.fisher_f.vcxproj", "{FD5A8362-7AF1-436C-ABC4-766D06C286D1}"
EndProject
Project("{8BC9CEB8-8B4A-11D0-8D11-00A0C91BC942}") = "x.dist.student_t", "vcxproj\x.dist.student_t.vcxproj", "{A2260532-9B19-4EA2-A24B-3F8FC93B6533}"
EndProject
Project("{8BC9CEB8-8B4A-11D0-8D11-00A0C91BC942}") = "x.dist.rayleigh", "vcxproj\x.dist.rayleigh.vcxproj", "{EC8D60D8-03C9-4386-A911-86908DC25BB5}"
EndProject
Project("{8BC9CEB8-8B4A-11D0-8D11-00A0C91BC942}") = "x.dist.discrete", "vcxproj\x.dist.discrete.vcxproj", "{B002E98B-5ED4-412B-B780-19F5289BDFB6}"
EndProject
Project("{8BC9CEB8-8B4A-11D0-8D11-00A0C91BC942}") = "x.dist.piecewise_constant", "vcxproj\x.dist.piecewise_constant.vcxproj", "{2D3A1A5E-EAF1-4541-B2E7-A397C957D6AD}"
EndProject
Project("{8BC9CEB8-8B4A-11D0-8D11-00A0C91BC942}") = "x.dist.piecewise_linear", "vcxproj\x.dist.piecewise_linear.vcxproj", "{430FA3DE-2759-4410-AE43-542C42F1BC73}"
EndProject
Project("{8BC9CEB8-8B4A-11D0-8D11-00A0C91BC942}") = "x.dist", "vcxproj\x.dist.vcxproj", "{A4B1C180-DEA2-4963-AFDC-98BDDC165FD1}"
EndProject
Project("{8BC9CEB8-8B4A-11D0-8D11-00A0C91BC942}") = "x.delegate~", "vcxproj\x.delegate~.vcxproj", "{2DB126E8-9F7F-42EF-9EE4-B4C8B985FB82}"
EndProject
Global
	GlobalSection(SolutionConfigurationPlatforms) = preSolution
		Debug|x64 = Debug|x64
		Debug|x86 = Debug|x86
		Release|x64 = Release|x64
		Release|x86 = Release|x86
	EndGlobalSection
	GlobalSection(ProjectConfigurationPlatforms) = postSolution
		{29922C42-E35B-4C86-9E58-F05FAA51DEAE}.Debug|x64.ActiveCfg = Debug|x64
		{29922C42-E35B-4C86-9E58-F05FAA51DEAE}.Debug|x64.Build.0 = Debug|x64
		{29922C42-E35B-4C86-9E58-F05FAA51DEAE}.Debug|x86.ActiveCfg = Debug|Win32
		{29922C42-E35B-4C86-9E58-F05FAA51DEAE}.Debug|x86.Build.0 = Debug|Win32
		{29922C42-E35B-4C86-9E58-F05FAA51DEAE}.Release|x64.ActiveCfg = Release|x64
		{29922C42-E35B-4C86-9E58-F05FAA51DEAE}.Release|x64.Build.0 = Release|x64
		{29922C42-E35B-4C86-9E58-F05FAA51DEAE}.Release|x86.ActiveCfg = Release|Win32
		{29922C42-E35B-4C86-9E58-F05FAA51DEAE}.Release|x86.Build.0 = Release|Win32
		{D7D2B050-0FAC-4326-89AD-C82254541416}.Debug|x64.ActiveCfg = Debug|x64
		{D7D2B050-0FAC-4326-89AD-C82254541416}.Debug|x64.Build.0 = Debug|x64
		{D7D2B050-0FAC-4326-89AD-C82254541416}.Debug|x86.ActiveCfg = Debug|Win32
		{D7D2B050-0FAC-4326-89AD-C82254541416}.Debug|x86.Build.0 = Debug|Win32
		{D7D2B050-0FAC-4326-89AD-C82254541416}.Release|x64.ActiveCfg = Release|x64
		{D7D2B050-0FAC-4326-89AD-C82254541416}.Release|x64.Build.0 = Release|x64
		{D7D2B050-0FAC-4326-89AD-C82254541416}.Release|x86.ActiveCfg = Release|Win32
		{D7D2B050-0FAC-4326-89AD-C82254541416}.Release|x86.Build.0 = Release|Win32
		{E28D5463-98A0-4A8C-9A0A-8D7B9AA83A4F}.Debug|x64.ActiveCfg = Debug|x64
		{E28D5463-98A0-4A8C-9A0A-8D7B9AA83A4F}.Debug|x64.Build.0 = Debug|x64
		{E28D5463-98A0-4A8C-9A0A-8D7B9AA83A4F}.Debug|x86.ActiveCfg = Debug|Win32
		{E28D5463-98A0-4A8C-9A0A-8D7B9AA83A4F}.Debug|x86.Build.0 = Debug|Win32
		{E28D5463-98A0-4A8C-9A0A-8D7B9AA83A4F}.Release|x64.ActiveCfg = Release|x64
		{E28D5463-98A0-4A8C-9A0A-8D7B9AA83A4F}.Release|x64.Build.0 = Release|x64
		{E28D5463-98A0-4A8C-9A0A-8D7B9AA83A4F}.Release|x86.ActiveCfg = Release|Win32
		{E28D5463-98A0-4A8C-9A0A-8D7B9AA83A4F}.Release|x86.Build.0 = Release|Win32
		{47BA4BA1-83B7-41DA-BD1E-D0BF601FCC33}.Debug|x64.ActiveCfg = Debug|x64
		{47BA4BA1-83B7-41DA-BD1E-D0BF601FCC33}.Debug|x64.Build.0 = Debug|x64
		{47BA4BA1-83B7-41DA-BD1E-D0BF601FCC33}.Debug|x86.ActiveCfg = Debug|Win32
		{47BA4BA1-83B7-41DA-BD1E-D0BF601FCC33}.Debug|x86.Build.0 = Debug|Win32
		{47BA4BA1-83B7-41DA-BD1E-D0BF601FCC33}.Release|x64.ActiveCfg = Release|x64
		{47BA4BA1-83B7-41DA-BD1E-D0BF601FCC33}.Release|x64.Build.0 = Release|x64
		{47BA4BA1-83B7-41DA-BD1E-D0BF601FCC33}.Release|x86.ActiveCfg = Release|Win32
		{47BA4BA1-83B7-41DA-BD1E-D0BF601FCC33}.Release|x86.Build.0 = Release|Win32
		{3446E811-0AFE-4D52-917D-52C2BCF37400}.Debug|x64.ActiveCfg = Debug|x64
		{3446E811-0AFE-4D52-917D-52C2BCF37400}.Debug|x64.Build.0 = Debug|x64
		{3446E811-0AFE-4D52-917D-52C2BCF37400}.Debug|x86.ActiveCfg = Debug|Win32
		{3446E811-0AFE-4D52-917D-52C2BCF37400}.Debug|x86.Build.0 = Debug|Win32
		{3446E811-0AFE-4D52-917D-52C2BCF37400}.Release|x64.ActiveCfg = Release|x64
		{3446E811-0AFE-4D52-917D-52C2BCF37400}.Release|x64.Build.0 = Release|x64
		{3446E811-0AFE-4D52-917D-52C2BCF37400}.Release|x86.ActiveCfg = Release|Win32
		{3446E811-0AFE-4D52-917D-52C2BCF37400}.Release|x86.Build.0 = Release|Win32
		{99C4CDAB-8753-49E8-AF9B-F73B82233496}.Debug|x64.ActiveCfg = Debug|x64
		{99C4CDAB-8753-49E8-AF9B-F73B82233496}.Debug|x64.Build.0 = Debug|x64
		{99C4CDAB-8753-49E8-AF9B-F73B82233496}.Debug|x86.ActiveCfg = Debug|Win32
		{99C4CDAB-8753-49E8-AF9B-F73B82233496}.Debug|x86.Build.0 = Debug|Win32
		{99C4CDAB-8753-49E8-AF9B-F73B82233496}.Release|x64.ActiveCfg = Release|x64
		{99C4CDAB-8753-49E8-AF9B-F73B82233496}.Release|x64.Build.0 = Release|x64
		{99C4CDAB-8753-49E8-AF9B-F73B82233496}.Release|x86.ActiveCfg = Release|Win32
		{99C4CDAB-8753-49E8-AF9B-F73B82233496}.Release|x86.Build.0 = Release|Win32
		{B97F0879-549D-4E59-B7A9-B675535B3B38}.Debug|x64.ActiveCfg = Debug|x64
		{B97F0879-549D-4E59-B7A9-B675535B3B38}.Debug|x64.Build.0 = Debug|x64
		{B97F0879-549D-4E59-B7A9-B675535B3B38}.Debug|x86.ActiveCfg = Debug|Win32
		{B97F0879-549D-4E59-B7A9-B675535B3B38}.Debug|x86.Build.0 = Debug|Win32
		{B97F0879-549D-4E59-B7A9-B675535B3B38}.Release|x64.ActiveCfg = Release|x64
		{B97F0879-549D-4E59-B7A9-B675535B3B38}.Release|x64.Build.0 = Release|x64
		{B97F0879-549D-4E59-B7A9-B675535B3B38}.Release|x86.ActiveCfg = Release|Win32
		{B97F0879-549D-4E59-B7A9-B675535B3B38}.Release|x86.Build.0 = Release|Win32
		{7956B22C-E6FD-4777-9770-1C1E3D2BE449}.Debug|x64.ActiveCfg = Debug|x64
		{7956B22C-E6FD-4777-9770-1C1E3D2BE449}.Debug|x64.Build.0 = Debug|x64
		{7956B22C-E6FD-4777-9770-1C1E3D2BE449}.Debug|x86.ActiveCfg = Debug|Win32
		{7956B22C-E6FD-4777-9770-1C1E3D2BE449}.Debug|x86.Build.0 = Debug|Win32
		{7956B22C-E6FD-4777-9770-1C1E3D2BE449}.Release|x64.ActiveCfg = Release|x64
		{7956B22C-E6FD-4777-9770-1C1E3D2BE449}.Release|x64.Build.0 = Release|x64
		{7956B22C-E6FD-4777-9770-1C1E3D2BE449}.Release|x86.ActiveCfg = Release|Win32
		{7956B22C-E6FD-4777-9770-1C1E3D2BE449}.Release|x86.Build.0 = Release|Win32
		{F28D1B38-B78D-402E-84C3-DF23B8235F6D}.Debug|x64.ActiveCfg = Debug|x64
		{F28D1B38-B78D-402E-84C3-DF23B8235F6D}.Debug|x64.Build.0 = Debug|x64
		{F28D1B38-B78D-402E-84C3-DF23B8235F6D}.Debug|x86.ActiveCfg = Debug|Win32
		{F28D1B38-B78D-402E-84C3-DF23B8235F6D}.Debug|x86.Build.0 = Debug|Win32
		{F28D1B38-B78D-402E-84C3-DF23B8235F6D}.Release|x64.ActiveCfg = Release|x64
		{F28D1B38-B78D-402E-84C3-DF23B8235F6D}.Release|x64.Build.0 = Release|x64
		{F28D1B38-B78D-402E-84C3-DF23B8235F6D}.Release|x86.ActiveCfg = Release|Win32
		{F28D1B38-B78D-402E-84C3-DF23B8235F6D}.Release|x86.Build.0 = Release|Win32
		{30ABEEB4-34EC-49AB-ADDE-0053F921387A}.Debug|x64.ActiveCfg = Debug|x64
		{30ABEEB4-34EC-49AB-ADDE-0053F921387A}.Debug|x64.Build.0 = Debug|x64
		{30ABEEB4-34EC-49AB-ADDE-0053F921387A}.Debug|x86.ActiveCfg = Debug|Win32
		{30ABEEB4-34EC-49AB-ADDE-0053F921387A}.Debug|x86.Build.0 = Debug|Win32
		{30ABEEB4-34EC-49AB-ADDE-0053F921387A}.Release|x64.ActiveCfg = Release|x64
		{30ABEEB4-34EC-49AB-ADDE-0053F921387A}.Release|x64.Build.0 = Release|x64
		{30ABEEB4-34EC-49AB-ADDE-0053F921387A}.Release|x86.ActiveCfg = Release|Win32
		{30ABEEB4-34EC-49AB-ADDE-0053F921387A}.Release|x86.Build.0 = Release|Win32
		{49B73B8A-AC99-4B00-87AC-6A81F27EA8ED}.Debug|x64.ActiveCfg = Debug|x64
		{49B73B8A-AC99-4B00-87AC-6A81F27EA8ED}.Debug|x64.Build.0 = Debug|x64
		{49B73B8A-AC99-4B00-87AC-6A81F27EA8ED}.Debug|x86.ActiveCfg = Debug|Win32
		{49B73B8A-AC99-4B00-87AC-6A81F27EA8ED}.Debug|x86.Build.0 = Debug|Win32
		{49B73B8A-AC99-4B00-87AC-6A81F27EA8ED}.Release|x64.ActiveCfg = Release|x64
		{49B73B8A-AC99-4B00-87AC-6A81F27EA8ED}.Release|x64.Build.0 = Release|x64
		{49B73B8A-AC99-4B00-87AC-6A81F27EA8ED}.Release|x86.ActiveCfg = Release|Win32
		{49B73B8A-AC99-4B00-87AC-6A81F27EA8ED}.Release|x86.Build.0 = Release|Win32
		{2E1352E3-E183-496D-A2CD-EBC1C903C0C2}.Debug|x64.ActiveCfg = Debug|x64
		{2E1352E3-E183-496D-A2CD-EBC1C903C0C2}.Debug|x64.Build.0 = Debug|x64
		{2E1352E3-E183-496D-A2CD-EBC1C903C0C2}.Debug|x86.ActiveCfg = Debug|Win32
		{2E1352E3-E183-496D-A2CD-EBC1C903C0C2}.Debug|x86.Build.0 = Debug|Win32
		{2E1352E3-E183-496D-A2CD-EBC1C903C0C2}.Release|x64.ActiveCfg = Release|x64
		{2E1352E3-E183-496D-A2CD-EBC1C903C0C2}.Release|x64.Build.0 = Release|x64
		{2E1352E3-E183-496D-A2CD-EBC1C903C0C2}.Release|x86.ActiveCfg = Release|Win32
		{2E1352E3-E183-496D-A2CD-EBC1C903C0C2}.Release|x86.Build.0 = Release|Win32
		{DC514C1F-6D79-41CB-A34A-2F1D4E02B231}.Debug|x64.ActiveCfg = Debug|x64
		{DC514C1F-6D79-41CB-A34A-2F1D4E02B231}.Debug|x64.Build.0 = Debug|x64
		{DC514C1F-6D79-41CB-A34A-2F1D4E02B231}.Debug|x86.ActiveCfg = Debug|Win32
		{DC514C1F-6D79-41CB-A34A-2F1D4E02B231}.Debug|x86.Build.0 = Debug|Win32
		{DC514C1F-6D79-41CB-A34A-2F1D4E02B231}.Release|x64.ActiveCfg = Release|x64
		{DC514C1F-6D79-41CB-A34A-2F1D4E02B231}.Release|x64.Build.0 = Release|x64
		{DC514C1F-6D79-41CB-A34A-2F1D4E02B231}.Release|x86.ActiveCfg = Release|Win32
		{DC514C1F-6D79-41CB-A34A-2F1D4E02B231}.Release|x86.Build.0 = Release|Win32
		{77B89635-B6AE-4672-838D-9D4A937C40ED}.Debug|x64.ActiveCfg = Debug|x64
		{77B89635-B6AE-4672-838D-9D4A937C40ED}.Debug|x64.Build.0 = Debug|x64
		{77B89635-B6AE-4672-838D-9D4A937C40ED}.Debug|x86.ActiveCfg = Debug|Win32
		{77B89635-B6AE-4672-838D-9D4A937C40ED}.Debug|x86.Build.0 = Debug|Win32
		{77B89635-B6AE-4672-838D-9D4A937C40ED}.Release|x64.ActiveCfg = Release|x64
		{77B89635-B6AE-4672-838D-9D4A937C40ED}.Release|x64.Build.0 = Release|x64
		{77B89635-B6AE-4672-838D-9D4A937C40ED}.Release|x86.ActiveCfg = Release|Win32
		{77B89635-B6AE-4672-838D-9D4A937C40ED}.Release|x86.Build.0 = Release|Win32
		{3067E75E-4253-4A7B-8A8C-D52130E8255D}.Debug|x64.ActiveCfg = Debug|x64
		{3067E75E-4253-4A7B-8A8C-D52130E8255D}.Debug|x64.Build.0 = Debug|x64
		{3067E75E-4253-4A7B-8A8C-D52130E8255D}.Debug|x86.ActiveCfg = Debug|Win32
		{3067E75E-4253-4A7B-8A8C-D52130E8255D}.Debug|x86.Build.0 = Debug|Win32
		{3067E75E-4253-4A7B-8A8C-D52130E8255D}.Release|x64.ActiveCfg = Release|x64
		{3067E75E-4253-4A7B-8A8C-D52130E8255D}.Release|x64.Build.0 = Release|x64
		{3067E75E-4253-4A7B-8A8C-D52130E8255D}.Release|x86.ActiveCfg = Release|Win32
		{3067E75E-4253-4A7B-8A8C-D52130E8255D}.Release|x86.Build.0 = Release|Win32
		{87C06CE6-C13E-4ACB-BCAF-E8838B0E6C35}.Debug|x64.ActiveCfg = Debug|x64
		{87C06CE6-C13E-4ACB-BCAF-E8838B0E6C35}.Debug|x64.Build.0 = Debug|x64
		{87C06CE6-C13E-4ACB-BCAF-E8838B0E6C35}.Debug|x86.ActiveCfg = Debug|Win32
		{87C06CE6-C13E-4ACB-BCAF-E8838B0E6C35}.Debug|x86.Build.0 = Debug|Win32
		{87C06CE6-C13E-4ACB-BCAF-E8838B0E6C35}.Release|x64.ActiveCfg = Release|x64
		{87C06CE6-C13E-4ACB-BCAF-E8838B0E6C35}.Release|x64.Build.0 = Release|x64
		{87C06CE6-C13E-4ACB-BCAF-E8838B0E6C35}.Release|x86.ActiveCfg = Release|Win32
		{87C06CE6-C13E-4ACB-BCAF-E8838B0E6C35}.Release|x86.Build.0 = Release|Win32
		{583F5D62-3C1D-4CA1-B8DE-B7F58F999649}.Debug|x64.ActiveCfg = Debug|x64
		{583F5D62-3C1D-4CA1-B8DE-B7F58F999649}.Debug|x64.Build.0 = Debug|x64
		{583F5D62-3C1D-4CA1-B8DE-B7F58F999649}.Debug|x86.ActiveCfg = Debug|Win32
		{583F5D62-3C1D-4CA1-B8DE-B7F58F999649}.Debug|x86.Build.0 = Debug|Win32
		{583F5D62-3C1D-4CA1-B8DE-B7F58F999649}.Release|x64.ActiveCfg = Release|x64
		{583F5D62-3C1D-4CA1-B8DE-B7F58F999649}.Release|x64.Build.0 = Release|x64
		{583F5D62-3C1D-4CA1-B8DE-B7F58F999649}.Release|x86.ActiveCfg = Release|Win32
		{583F5D62-3C1D-4CA1-B8DE-B7F58F999649}.Release|x86.Build.0 = Release|Win32
		{98A417F0-C1C2-44B3-88CE-6AA7A58B0EC7}.Debug|x64.ActiveCfg = Debug|x64
		{98A417F0-C1C2-44B3-88CE-6AA7A58B0EC7}.Debug|x64.Build.0 = Debug|x64
		{98A417F0-C1C2-44B3-88CE-6AA7A58B0EC7}.Debug|x86.ActiveCfg = Debug|Win32
		{98A417F0-C1C2-44B3-88CE-6AA7A58B0EC7}.Debug|x86.Build.0 = Debug|Win32
		{98A417F0-C1C2-44B3-88CE-6AA7A58B0EC7}.Release|x64.ActiveCfg = Release|x64
		{98A417F0-C1C2-44B3-88CE-6AA7A58B0EC7}.Release|x64.Build.0 = Release|x64
		{98A417F0-C1C2-44B3-88CE-6AA7A58B0EC7}.Release|x86.ActiveCfg = Release|Win32
		{98A417F0-C1C2-44B3-88CE-6AA7A58B0EC7}.Release|x86.Build.0 = Release|Win32
		{229D56D7-34BF-45FD-BFC3-D46855E22DDD}.Debug|x64.ActiveCfg = Debug|x64
		{229D56D7-34BF-45FD-BFC3-D46855E22DDD}.Debug|x64.Build.0 = Debug|x64
		{229D56D7-34BF-45FD-BFC3-D46855E22DDD}.Debug|x86.ActiveCfg = Debug|Win32
		{229D56D7-34BF-45FD-BFC3-D46855E22DDD}.Debug|x86.Build.0 = Debug|Win32
		{229D56D7-34BF-45FD-BFC3-D46855E22DDD}.Release|x64.ActiveCfg = Release|x64
		{229D56D7-34BF-45FD-BFC3-D46855E22DDD}.Release|x64.Build.0 = Release|x64
		{229D56D7-34BF-45FD-BFC3-D46855E22DDD}.Release|x86.ActiveCfg = Release|Win32
		{229D56D7-34BF-45FD-BFC3-D46855E22DDD}.Release|x86.Build.0 = Release|Win32
		{C6CD8D30-0427-4FA4-AB3B-0CECDAB9E72A}.Debug|x64.ActiveCfg = Debug|x64
		{C6CD8D30-0427-4FA4-AB3B-0CECDAB9E72A}.Debug|x64.Build.0 = Debug|x64
		{C6CD8D30-0427-4FA4-AB3B-0CECDAB9E72A}.Debug|x86.ActiveCfg = Debug|Win32
		{C6CD8D30-0427-4FA4-AB3B-0CECDAB9E72A}.Debug|x86.Build.0 = Debug|Win32
		{C6CD8D30-0427-4FA4-AB3B-0CECDAB9E72A}.Release|x64.ActiveCfg = Release|x64
		{C6CD8D30-0427-4FA4-AB3B-0CECDAB9E72A}.Release|x64.Build.0 = Release|x64
		{C6CD8D30-0427-4FA4-AB3B-0CECDAB9E72A}.Release|x86.ActiveCfg = Release|Win32
		{C6CD8D30-0427-4FA4-AB3B-0CECDAB9E72A}.Release|x86.Build.0 = Release|Win32
		{F2644673-D3B2-4612-8392-E9EF642FE5B0}.Debug|x64.ActiveCfg = Debug|x64
		{F2644673-D3B2-4612-8392-E9EF642FE5B0}.Debug|x64.Build.0 = Debug|x64
		{F2644673-D3B2-4612-8392-E9EF642FE5B0}.Debug|x86.ActiveCfg = Debug|Win32
		{F2644673-D3B2-4612-8392-E9EF642FE5B0}.Debug|x86.Build.0 = Debug|Win32
		{F2644673-D3B2-4612-8392-E9EF642FE5B0}.Release|x64.ActiveCfg = Release|x64
		{F2644673-D3B2-4612-8392-E9EF642FE5B0}.Release|x64.Build.0 = Release|x64
		{F2644673-D3B2-4612-8392-E9EF642FE5B0}.Release|x86.ActiveCfg = Release|Win32
		{F2644673-D3B2-4612-8392-E9EF642FE5B0}.Release|x86.Build.0 = Release|Win32
		{ABA4B5A9-CE9A-4632-9B0F-03ABDB8E91A7}.Debug|x64.ActiveCfg = Debug|x64
		{ABA4B5A9-CE9A-4632-9B0F-03ABDB8E91A7}.Debug|x64.Build.0 = Debug|x64
		{ABA4B5A9-CE9A-4632-9B0F-03ABDB8E91A7}.Debug|x86.ActiveCfg = Debug|Win32
		{ABA4B5A9-CE9A-4632-9B0F-03ABDB8E91A7}.Debug|x86.Build.0 = Debug|Win32
		{ABA4B5A9-CE9A-4632-9B0F-03ABDB8E91A7}.Release|x64.ActiveCfg = Release|x64
		{ABA4B5A9-CE9A-4632-9B0F-03ABDB8E91A7}.Release|x64.Build.0 = Release|x64
		{ABA4B5A9-CE9A-4632-9B0F-03ABDB8E91A7}.Release|x86.ActiveCfg = Release|Win32
		{ABA4B5A9-CE9A-4632-9B0F-03ABDB8E91A7}.Release|x86.Build.0 = Release|Win32
		{754EA916-D957-4BC2-8480-351A8622A5E7}.Debug|x64.ActiveCfg = Debug|x64
		{754EA916-D957-4BC2-8480-351A8622A5E7}.Debug|x64.Build.0 = Debug|x64
		{754EA916-D957-4BC2-8480-351A8622A5E7}.Debug|x86.ActiveCfg = Debug|Win32
		{754EA916-D957-4BC2-8480-351A8622A5E7}.Debug|x86.Build.0 = Debug|Win32
		{754EA916-D957-4BC2-8480-351A8622A5E7}.Release|x64.ActiveCfg = Release|x64
		{754EA916-D957-4BC2-8480-351A8622A5E7}.Release|x64.Build.0 = Release|x64
		{754EA916-D957-4BC2-8480-351A8622A5E7}.Release|x86.ActiveCfg = Release|Win32
		{754EA916-D957-4BC2-8480-351A8622A5E7}.Release|x86.Build.0 = Release|Win32
		{25BAAF5B-529E-4198-BF6F-01C2BEE59218}.Debug|x64.ActiveCfg = Debug|x64
		{25BAAF5B-529E-4198-BF6F-01C2BEE59218}.Debug|x64.Build.0 = Debug|x64
		{25BAAF5B-529E-4198-BF6F-01C2BEE59218}.Debug|x86.ActiveCfg = Debug|Win32
		{25BAAF5B-529E-4198-BF6F-01C2BEE59218}.Debug|x86.Build.0 = Debug|Win32
		{25BAAF5B-529E-4198-BF6F-01C2BEE59218}.Release|x64.ActiveCfg = Release|x64
		{25BAAF5B-529E-4198-BF6F-01C2BEE59218}.Release|x64.Build.0 = Release|x64
		{25BAAF5B-529E-4198-BF6F-01C2BEE59218}.Release|x86.ActiveCfg = Release|Win32
		{25BAAF5B-529E-4198-BF6F-01C2BEE59218}.Release|x86.Build.0 = Release|Win32
		{45AB7C5C-7729-44F1-9637-3F65311115BD}.Debug|x64.ActiveCfg = Debug|x64
		{45AB7C5C-7729-44F1-9637-3F65311115BD}.Debug|x64.Build.0 = Debug|x64
		{45AB7C5C-7729-44F1-9637-3F65311115BD}.Debug|x86.ActiveCfg = Debug|Win32
		{45AB7C5C-7729-44F1-9637-3F65311115BD}.Debug|x86.Build.0 = Debug|Win32
		{45AB7C5C-7729-44F1-9637-3F65311115BD}.Release|x64.ActiveCfg = Release|x64
		{45AB7C5C-7729-44F1-9637-3F65311115BD}.Release|x64.Build.0 = Release|x64
		{45AB7C5C-7729-44F1-9637-3F65311115BD}.Release|x86.ActiveCfg = Release|Win32
		{45AB7C5C-7729-44F1-9637-3F65311115BD}.Release|x86.Build.0 = Release|Win32
		{B8B802EA-C49C-4B24-A953-26AF63AF1C19}.Debug|x64.ActiveCfg = Debug|x64
		{B8B802EA-C49C-4B24-A953-26AF63AF1C19}.Debug|x64.Build.0 = Debug|x64
		{B8B802EA-C49C-4B24-A953-26AF63AF1C19}.Debug|x86.ActiveCfg = Debug|Win32
		{B8B802EA-C49C-4B24-A953-26AF63AF1C19}.Debug|x86.Build.0 = Debug|Win32
		{B8B802EA-C49C-4B24-A953-26AF63AF1C19}.Release|x64.ActiveCfg = Release|x64
		{B8B802EA-C49C-4B24-A953-26AF63AF1C19}.Release|x64.Build.0 = Release|x64
		{B8B802EA-C49C-4B24-A953-26AF63AF1C19}.Release|x86.ActiveCfg = Release|Win32
		{B8B802EA-C49C-4B24-A953-26AF63AF1C19}.Release|x86.Build.0 = Release|Win32
		{2D4191DC-8099-4770-A329-9AA051AB4142}.Debug|x64.ActiveCfg = Debug|x64
		{2D4191DC-8099-4770-A329-9AA051AB4142}.Debug|x64.Build.0 = Debug|x64
		{2D4191DC-8099-4770-A329-9AA051AB4142}.Debug|x86.ActiveCfg = Debug|Win32
		{2D4191DC-8099-4770-A329-9AA051AB4142}.Debug|x86.Build.0 = Debug|Win32
		{2D4191DC-8099-4770-A329-9AA051AB4142}.Release|x64.ActiveCfg = Release|x64
		{2D4191DC-8099-4770-A329-9AA051AB4142}.Release|x64.Build.0 = Release|x64
		{2D4191DC-8099-4770-A329-9AA051AB4142}.Release|x86.ActiveCfg = Release|Win32
		{2D4191DC-8099-4770-A329-9AA051AB4142}.Release|x86.Build.0 = Release|Win32
		{EFB7F91C-A982-401B-9FA3-EC72DA452F96}.Debug|x64.ActiveCfg = Debug|x64
		{EFB7F91C-A982-401B-9FA3-EC72DA452F96}.Debug|x64.Build.0 = Debug|x64
		{EFB7F91C-A982-401B-9FA3-EC72DA452F96}.Debug|x86.ActiveCfg = Debug|Win32
		{EFB7F91C-A982-401B-9FA3-EC72DA452F96}.Debug|x86.Build.0 = Debug|Win32
		{EFB7F91C-A982-401B-9FA3-EC72DA452F96}.Release|x64.ActiveCfg = Release|x64
		{EFB7F91C-A982-401B-9FA3-EC72DA452F96}.Release|x64.Build.0 = Release|x64
		{EFB7F91C-A982-401B-9FA3-EC72DA452F96}.Release|x86.ActiveCfg = Release|Win32
		{EFB7F91C-A982-401B-9FA3-EC72DA452F96}.Release|x86.Build.0 = Release|Win32
		{7C9E9729-EBFE-43A4-BC74-67B50E1AA64B}.Debug|x64.ActiveCfg = Debug|x64
		{7C9E9729-EBFE-43A4-BC74-67B50E1AA64B}.Debug|x64.Build.0 = Debug|x64
		{7C9E9729-EBFE-43A4-BC74-67B50E1AA64B}.Debug|x86.ActiveCfg = Debug|Win32
		{7C9E9729-EBFE-43A4-BC74-67B50E1AA64B}.Debug|x86.Build.0 = Debug|Win32
		{7C9E9729-EBFE-43A4-BC74-67B50E1AA64B}.Release|x64.ActiveCfg = Release|x64
		{7C9E9729-EBFE-43A4-BC74-67B50E1AA64B}.Release|x64.Build.0 = Release|x64
		{7C9E9729-EBFE-43A4-BC74-67B50E1AA64B}.Release|x86.ActiveCfg = Release|Win32
		{7C9E9729-EBFE-43A4-BC74-67B50E1AA64B}.Release|x86.Build.0 = Release|Win32
		{BE54E44F-3E04-466D-B4BE-48C7F24426FA}.Debug|x64.ActiveCfg = Debug|x64
		{BE54E44F-3E04-466D-B4BE-48C7F24426FA}.Debug|x64.Build.0 = Debug|x64
		{BE54E44F-3E04-466D-B4BE-48C7F24426FA}.Debug|x86.ActiveCfg = Debug|Win32
		{BE54E44F-3E04-466D-B4BE-48C7F24426FA}.Debug|x86.Build.0 = Debug|Win32
		{BE54E44F-3E04-466D-B4BE-48C7F24426FA}.Release|x64.ActiveCfg = Release|x64
		{BE54E44F-3E04-466D-B4BE-48C7F24426FA}.Release|x64.Build.0 = Release|x64
		{BE54E44F-3E04-466D-B4BE-48C7F24426FA}.Release|x86.ActiveCfg = Release|Win32
		{BE54E44F-3E04-466D-B4BE-48C7F24426FA}.Release|x86.Build.0 = Release|Win32
		{EE67E584-101C-4CB1-B42C-10B24A1ECF0D}.Debug|x64.ActiveCfg = Debug|x64
		{EE67E584-101C-4CB1-B42C-10B24A1ECF0D}.Debug|x64.Build.0 = Debug|x64
		{EE67E584-101C-4CB1-B42C-10B24A1ECF0D}.Debug|x86.ActiveCfg = Debug|Win32
		{EE67E584-101C-4CB1-B42C-10B24A1ECF0D}.Debug|x86.Build.0 = Debug|Win32
		{EE67E584-101C-4CB1-B42C-10B24A1ECF0D}.Release|x64.ActiveCfg = Release|x64
		{EE67E584-101C-4CB1-B42C-10B24A1ECF0D}.Release|x64.Build.0 = Release|x64
		{EE67E584-101C-4CB1-B42C-10B24A1ECF0D}.Release|x86.ActiveCfg = Release|Win32
		{EE67E584-101C-4CB1-B42C-10B24A1ECF0D}.Release|x86.Build.0 = Release|Win32
		{2AA1F7EF-0FF1-4ED2-97C0-EA4653249902}.Debug|x64.ActiveCfg = Debug|x64
		{2AA1F7EF-0FF1-4ED2-97C0-EA4653249902}.Debug|x64.Build.0 = Debug|x64
		{2AA1F7EF-0FF1-4ED2-97C0-EA4653249902}.Debug|x86.ActiveCfg = Debug|Win32
		{2AA1F7EF-0FF1-4ED2-97C0-EA4653249902}.Debug|x86.Build.0 = Debug|Win32
		{2AA1F7EF-0FF1-4ED2-97C0-EA4653249902}.Release|x64.ActiveCfg = Release|x64
		{2AA1F7EF-0FF1-4ED2-97C0-EA4653249902}.Release|x64.Build.0 = Release|x64
		{2AA1F7EF-0FF1-4ED2-97C0-EA4653249902}.Release|x86.ActiveCfg = Release|Win32
		{2AA1F7EF-0FF1-4ED2-97C0-EA4653249902}.Release|x86.Build.0 = Release|Win32
		{836D340C-6626-4841-9926-2BB52082753A}.Debug|x64.ActiveCfg = Debug|x64
		{836D340C-6626-4841-9926-2BB52082753A}.Debug|x64.Build.0 = Debug|x64
		{836D340C-6626-4841-9926-2BB52082753A}.Debug|x86.ActiveCfg = Debug|Win32
		{836D340C-6626-4841-9926-2BB52082753A}.Debug|x86.Build.0 = Debug|Win32
		{836D340C-6626-4841-9926-2BB52082753A}.Release|x64.ActiveCfg = Release|x64
		{836D340C-6626-4841-9926-2BB52082753A}.Release|x64.Build.0 = Release|x64
		{836D340C-6626-4841-9926-2BB52082753A}.Release|x86.ActiveCfg = Release|Win32
		{836D340C-6626-4841-9926-2BB52082753A}.Release|x86.Build.0 = Release|Win32
		{0A3E8498-C75E-4D5E-9481-905E67218A8E}.Debug|x64.ActiveCfg = Debug|x64
		{0A3E8498-C75E-4D5E-9481-905E67218A8E}.Debug|x64.Build.0 = Debug|x64
		{0A3E8498-C75E-4D5E-9481-905E67218A8E}.Debug|x86.ActiveCfg = Debug|Win32
		{0A3E8498-C75E-4D5E-9481-905E67218A8E}.Debug|x86.Build.0 = Debug|Win32
		{0A3E8498-C75E-4D5E-9481-905E67218A8E}.Release|x64.ActiveCfg = Release|x64
		{0A3E8498-C75E-4D5E-9481-905E67218A8E}.Release|x64.Build.0 = Release|x64
		{0A3E8498-C75E-4D5E-9481-905E67218A8E}.Release|x86.ActiveCfg = Release|Win32
		{0A3E8498-C75E-4D5E-9481-905E67218A8E}.Release|x86.Build.0 = Release|Win32
		{337EE21C-F8FC-4FFD-8CC9-D5C917E3DA36}.Debug|x64.ActiveCfg = Debug|x64
		{337EE21C-F8FC-4FFD-8CC9-D5C917E3DA36}.Debug|x64.Build.0 = Debug|x64
		{337EE21C-F8FC-4FFD-8CC9-D5C917E3DA36}.Debug|x86.ActiveCfg = Debug|Win32
		{337EE21C-F8FC-4FFD-8CC9-D5C917E3DA36}.Debug|x86.Build.0 = Debug|Win32
		{337EE21C-F8FC-4FFD-8CC9-D5C917E3DA36}.Release|x64.ActiveCfg = Release|x64
		{337EE21C-F8FC-4FFD-8CC9-D5C917E3DA36}.Release|x64.Build.0 = Release|x64
		{337EE21C-F8FC-4FFD-8CC9-D5C917E3DA36}.Release|x86.ActiveCfg = Release|Win32
		{337EE21C-F8FC-4FFD-8CC9-D5C917E3DA36}.Release|x86.Build.0 = Release|Win32
		{FD5A8362-7AF1-436C-ABC4-766D06C286D1}.Debug|x64.ActiveCfg = Debug|x64
		{FD5A8362-7AF1-436C-ABC4-766D06C286D1}.Debug|x64.Build.0 = Debug|x64
		{FD5A8362-7AF1-436C-ABC4-766D06C286D1}.Debug|x86.ActiveCfg = Debug|Win32
		{FD5A8362-7AF1-436C-ABC4-766D06C286D1}.Debug|x86.Build.0 = Debug|Win32
		{FD5A8362-7AF1-436C-ABC4-766D06C286D1}.Release|x64.ActiveCfg = Release|x64
		{FD5A8362-7AF1-436C-ABC4-766D06C286D1}.Release|x64.Build.0 = Release|x64
		{FD5A8362-7AF1-436C-ABC4-766D06C286D1}.Release|x86.ActiveCfg = Release|Win32
		{FD5A8362-7AF1-436C-ABC4-766D06C286D1}.Release|x86.Build.0 = Release|Win32
		{A2260532-9B19-4EA2-A24B-3F8FC93B6533}.Debug|x64.ActiveCfg = Debug|x64
		{A2260532-9B19-4EA2-A24B-3F8FC93B6533}.Debug|x64.Build.0 = Debug|x64
		{A2260532-9B19-4EA2-A24B-3F8FC93B6533}.Debug|x86.ActiveCfg = Debug|Win32
		{A2260532-9B19-4EA2-A24B-3F8FC93B6533}.Debug|x86.Build.0 = Debug|Win32
		{A2260532-9B19-4EA2-A24B-3F8FC93B6533}.Release|x64.ActiveCfg = Release|x64
		{A2260532-9B19-4EA2-A24B-3F8FC93B6533}.Release|x64.Build.0 = Release|x64
		{A2260532-9B19-4EA2-A24B-3F8FC93B6533}.Release|x86.ActiveCfg = Release|Win32
		{A2260532-9B19-4EA2-A24B-3F8FC93B6533}.Release|x86.Build.0 = Release|Win32
		{EC8D60D8-03C9-4386-A911-86908DC25BB5}.Debug|x64.ActiveCfg = Debug|x64
		{EC8D60D8-03C9-4386-A911-86908DC25BB5}.Debug|x64.Build.0 = Debug|x64
		{EC8D60D8-03C9-4386-A911-86908DC25BB5}.Debug|x86.ActiveCfg = Debug|Win32
		{EC8D60D8-03C9-4386-A911-86908DC25BB5}.Debug|x86.Build.0 = Debug|Win32
		{EC8D60D8-03C9-4386-A911-86908DC25BB5}.Release|x64.ActiveCfg = Release|x64
		{EC8D60D8-03C9-4386-A911-86908DC25BB5}.Release|x64.Build.0 = Release|x64
		{EC8D60D8-03C9-4386-A911-86908DC25BB5}.Release|x86.ActiveCfg = Release|Win32
		{EC8D60D8-03C9-4386-A911-86908DC25BB5}.Release|x86.Build.0 = Release|Win32
		{B002E98B-5ED4-412B-B780-19F5289BDFB6}.Debug|x64.ActiveCfg = Debug|x64
		{B002E98B-5ED4-412B-B780-19F5289BDFB6}.Debug|x64.Build.0 = Debug|x64
		{B002E98B-5ED4-412B-B780-19F5289BDFB6}.Debug|x86.ActiveCfg = Debug|Win32
		{B002E98B-5ED4-412B-B780-19F5289BDFB6}.Debug|x86.Build.0 = Debug|Win32
		{B002E98B-5ED4-412B-B780-19F5289BDFB6}.Release|x64.ActiveCfg = Release|x64
		{B002E98B-5ED4-412B-B780-19F5289BDFB6}.Release|x64.Build.0 = Release|x64
		{B002E98B-5ED4-412B-B780-19F5289BDFB6}.Release|x86.ActiveCfg = Release|Win32
		{B002E98B-5ED4-412B-B780-19F5289BDFB6}.Release|x86.Build.0 = Release|Win32
		{2D3A1A5E-EAF1-4541-B2E7-A397C957D6AD}.Debug|x64.ActiveCfg = Debug|x64
		{2D3A1A5E-EAF1-4541-B2E7-A397C957D6AD}.Debug|x64.Build.0 = Debug|x64
		{2D3A1A5E-EAF1-4541-B2E7-A397C957D6AD}.Debug|x86.ActiveCfg = Debug|Win32
		{2D3A1A5E-EAF1-4541-B2E7-A397C957D6AD}.Debug|x86.Build.0 = Debug|Win32
		{2D3A1A5E-EAF1-4541-B2E7-A397C957D6AD}.Release|x64.ActiveCfg = Release|x64
		{2D3A1A5E-EAF1-4541-B2E7-A397C957D6AD}.Release|x64.Build.0 = Release|x64
		{2D3A1A5E-EAF1-4541-B2E7-A397C957D6AD}.Release|x86.ActiveCfg = Release|Win32
		{2D3A1A5E-EAF1-4541-B2E7-A397C957D6AD}.Release|x86.Build.0 = Release|Win32
		{430FA3DE-2759-4410-AE43-542C42F1BC73}.Debug|x64.ActiveCfg = Debug|x64
		{430FA3DE-2759-4410-AE43-542C42F1BC73}.Debug|x64.Build.0 = Debug|x64
		{430FA3DE-2759-4410-AE43-542C42F1BC73}.Debug|x86.ActiveCfg = Debug|Win32
		{430FA3DE-2759-4410-AE43-542C42F1BC73}.Debug|x86.Build.0 = Debug|Win32
		{430FA3DE-2759-4410-AE43-542C42F1BC73}.Release|x64.ActiveCfg = Release|x64
		{430FA3DE-2759-4410-AE43-542C42F1BC73}.Release|x64.Build.0 = Release|x64
		{430FA3DE-2759-4410-AE43-542C42F1BC73}.Release|x86.ActiveCfg = Release|Win32
		{430FA3DE-2759-4410-AE43-542C42F1BC73}.Release|x86.Build.0 = Release|Win32
		{A4B1C180-DEA2-4963-AFDC-98BDDC165FD1}.Debug|x64.ActiveCfg = Debug|x64
		{A4B1C180-DEA2-4963-AFDC-98BDDC165FD1}.Debug|x64.Build.0 = Debug|x64
		{A4B1C180-DEA2-4963-AFDC-98BDDC165FD1}.Debug|x86.ActiveCfg = Debug|Win32
		{A4B1C180-DEA2-4963-AFDC-98BDDC165FD1}.Debug|x86.Build.0 = Debug|Win32
		{A4B1C180-DEA2-4963-AFDC-98BDDC165FD1}.Release|x64.ActiveCfg = Release|x64
		{A4B1C180-DEA2-4963-AFDC-98BDDC165FD1}.Release|x64.Build.0 = Release|x64
		{A4B1C180-DEA2-4963-AFDC-98BDDC165FD1}.Release|x86.ActiveCfg = Release|Win32
		{A4B1C180-DEA2-4963-AFDC-98BDDC165FD1}.Release|x86.Build.0 = Release|Win32
		{2DB126E8-9F7F-42EF-9EE4-B4C8B985FB82}.Debug|x64.ActiveCfg = Debug|x64
		{2DB126E8-9F7F-42EF-9EE4-B4C8B985FB82}.Debug|x64.Build.0 = Debug|x64
		{2DB126E8-9F7F-42EF-9EE4-B4C8B985FB82}.Debug|x86.ActiveCfg = Debug|Win32
		{2DB126E8-9F7F-42EF-9EE4-B4C8B985FB82}.Debug|x86.Build.0 = Debug|Win32
		{2DB126E8-9F7F-42EF-9EE4-B4C8B985FB82}.Release|x64.ActiveCfg = Release|x64
		{2DB126E8-9F7F-42EF-9EE4-B4C8B985FB82}.Release|x64.Build.0 = Release|x64
		{2DB126E8-9F7F-42EF-9EE4-B4C8B985FB82}.Release|x86.ActiveCfg = Release|Win32
		{2DB126E8-9F7F-42EF-9EE4-B4C8B985FB82}.Release|x86.Build.0 = Release|Win32
	EndGlobalSection
	GlobalSection(SolutionProperties) = preSolution
		HideSolutionNode = FALSE
	EndGlobalSection
	GlobalSection(ExtensibilityGlobals) = postSolution
		SolutionGuid = {4CF259F9-FDA7-493A-9081-A4ACE3B7B9D9}
	EndGlobalSection
EndGlobal
